
Microsoft Visual Studio Solution File, Format Version 12.00
# Visual Studio 15
Project("{FAE04EC0-301F-11D3-BF4B-00C04F79EFBC}") = "Assembly-CSharp", "Assembly-CSharp.csproj", "{48EAB615-1DBC-7680-9425-0C68AFF180D8}"
EndProject
Project("{FAE04EC0-301F-11D3-BF4B-00C04F79EFBC}") = "Assembly-CSharp-Editor", "Assembly-CSharp-Editor.csproj", "{DE514665-868D-F7CA-1EE1-31B289B836BD}"
EndProject
Global
	GlobalSection(SolutionConfigurationPlatforms) = preSolution
		Debug|Any CPU = Debug|Any CPU
		Release|Any CPU = Release|Any CPU
	EndGlobalSection
	GlobalSection(ProjectConfigurationPlatforms) = postSolution
		{48EAB615-1DBC-7680-9425-0C68AFF180D8}.Debug|Any CPU.ActiveCfg = Debug|Any CPU
		{48EAB615-1DBC-7680-9425-0C68AFF180D8}.Debug|Any CPU.Build.0 = Debug|Any CPU
		{48EAB615-1DBC-7680-9425-0C68AFF180D8}.Release|Any CPU.ActiveCfg = Release|Any CPU
		{48EAB615-1DBC-7680-9425-0C68AFF180D8}.Release|Any CPU.Build.0 = Release|Any CPU
		{DE514665-868D-F7CA-1EE1-31B289B836BD}.Debug|Any CPU.ActiveCfg = Debug|Any CPU
		{DE514665-868D-F7CA-1EE1-31B289B836BD}.Debug|Any CPU.Build.0 = Debug|Any CPU
		{DE514665-868D-F7CA-1EE1-31B289B836BD}.Release|Any CPU.ActiveCfg = Release|Any CPU
		{DE514665-868D-F7CA-1EE1-31B289B836BD}.Release|Any CPU.Build.0 = Release|Any CPU
	EndGlobalSection
	GlobalSection(SolutionProperties) = preSolution
		HideSolutionNode = FALSE
	EndGlobalSection
EndGlobal
